
Microsoft Visual Studio Solution File, Format Version 12.00
# Visual Studio Version 16
VisualStudioVersion = 16.0.31613.86
MinimumVisualStudioVersion = 10.0.40219.1
Project("{FAE04EC0-301F-11D3-BF4B-00C04F79EFBC}") = "Instituto_2021", "Instituto_2021\Instituto_2021.csproj", "{9646EC3B-D3F9-4C83-A9B0-14B784D069FF}"
EndProject
Project("{FAE04EC0-301F-11D3-BF4B-00C04F79EFBC}") = "Entidades", "Entidades\Entidades.csproj", "{196B69B8-AB47-4A62-ABBE-9CC50B69BDF5}"
EndProject
Global
	GlobalSection(SolutionConfigurationPlatforms) = preSolution
		Debug|Any CPU = Debug|Any CPU
		Release|Any CPU = Release|Any CPU
	EndGlobalSection
	GlobalSection(ProjectConfigurationPlatforms) = postSolution
		{9646EC3B-D3F9-4C83-A9B0-14B784D069FF}.Debug|Any CPU.ActiveCfg = Debug|Any CPU
		{9646EC3B-D3F9-4C83-A9B0-14B784D069FF}.Debug|Any CPU.Build.0 = Debug|Any CPU
		{9646EC3B-D3F9-4C83-A9B0-14B784D069FF}.Release|Any CPU.ActiveCfg = Release|Any CPU
		{9646EC3B-D3F9-4C83-A9B0-14B784D069FF}.Release|Any CPU.Build.0 = Release|Any CPU
		{196B69B8-AB47-4A62-ABBE-9CC50B69BDF5}.Debug|Any CPU.ActiveCfg = Debug|Any CPU
		{196B69B8-AB47-4A62-ABBE-9CC50B69BDF5}.Debug|Any CPU.Build.0 = Debug|Any CPU
		{196B69B8-AB47-4A62-ABBE-9CC50B69BDF5}.Release|Any CPU.ActiveCfg = Release|Any CPU
		{196B69B8-AB47-4A62-ABBE-9CC50B69BDF5}.Release|Any CPU.Build.0 = Release|Any CPU
	EndGlobalSection
	GlobalSection(SolutionProperties) = preSolution
		HideSolutionNode = FALSE
	EndGlobalSection
	GlobalSection(ExtensibilityGlobals) = postSolution
		SolutionGuid = {C4416CB0-0BF9-471C-A37E-7FF38B3D6925}
	EndGlobalSection
EndGlobal
